
Microsoft Visual Studio Solution File, Format Version 12.00
# Visual Studio Version 17
VisualStudioVersion = 17.6.33815.320
MinimumVisualStudioVersion = 10.0.40219.1
Project("{FAE04EC0-301F-11D3-BF4B-00C04F79EFBC}") = "BankApp", "BankApp\BankApp.csproj", "{29FDE347-1F32-4D3A-A1BB-A70C1549261B}"
EndProject
Global
	GlobalSection(SolutionConfigurationPlatforms) = preSolution
		Debug|Any CPU = Debug|Any CPU
		Release|Any CPU = Release|Any CPU
	EndGlobalSection
	GlobalSection(ProjectConfigurationPlatforms) = postSolution
		{29FDE347-1F32-4D3A-A1BB-A70C1549261B}.Debug|Any CPU.ActiveCfg = Debug|Any CPU
		{29FDE347-1F32-4D3A-A1BB-A70C1549261B}.Debug|Any CPU.Build.0 = Debug|Any CPU
		{29FDE347-1F32-4D3A-A1BB-A70C1549261B}.Release|Any CPU.ActiveCfg = Release|Any CPU
		{29FDE347-1F32-4D3A-A1BB-A70C1549261B}.Release|Any CPU.Build.0 = Release|Any CPU
	EndGlobalSection
	GlobalSection(SolutionProperties) = preSolution
		HideSolutionNode = FALSE
	EndGlobalSection
	GlobalSection(ExtensibilityGlobals) = postSolution
		SolutionGuid = {6E153569-CA89-4B24-ACE3-E1FC9DE8AB9F}
	EndGlobalSection
EndGlobal
